
Microsoft Visual Studio Solution File, Format Version 12.00
# Visual Studio Version 16
VisualStudioVersion = 16.0.30611.23
MinimumVisualStudioVersion = 10.0.40219.1
Project("{8BC9CEB8-8B4A-11D0-8D11-00A0C91BC942}") = "ConsoleUI", "ConsoleUI\ConsoleUI.vcxproj", "{B8421D9B-B755-4AE0-B49F-D93613B39317}"
EndProject
Global
	GlobalSection(SolutionConfigurationPlatforms) = preSolution
		Debug|x64 = Debug|x64
		Debug|x86 = Debug|x86
		Release|x64 = Release|x64
		Release|x86 = Release|x86
	EndGlobalSection
	GlobalSection(ProjectConfigurationPlatforms) = postSolution
		{B8421D9B-B755-4AE0-B49F-D93613B39317}.Debug|x64.ActiveCfg = Debug|x64
		{B8421D9B-B755-4AE0-B49F-D93613B39317}.Debug|x64.Build.0 = Debug|x64
		{B8421D9B-B755-4AE0-B49F-D93613B39317}.Debug|x86.ActiveCfg = Debug|Win32
		{B8421D9B-B755-4AE0-B49F-D93613B39317}.Debug|x86.Build.0 = Debug|Win32
		{B8421D9B-B755-4AE0-B49F-D93613B39317}.Release|x64.ActiveCfg = Release|x64
		{B8421D9B-B755-4AE0-B49F-D93613B39317}.Release|x64.Build.0 = Release|x64
		{B8421D9B-B755-4AE0-B49F-D93613B39317}.Release|x86.ActiveCfg = Release|Win32
		{B8421D9B-B755-4AE0-B49F-D93613B39317}.Release|x86.Build.0 = Release|Win32
	EndGlobalSection
	GlobalSection(SolutionProperties) = preSolution
		HideSolutionNode = FALSE
	EndGlobalSection
	GlobalSection(ExtensibilityGlobals) = postSolution
		SolutionGuid = {829CEEB2-F480-4690-AA5A-B45521DEE741}
	EndGlobalSection
EndGlobal
