
Microsoft Visual Studio Solution File, Format Version 12.00
# Visual Studio Version 16
VisualStudioVersion = 16.0.30709.132
MinimumVisualStudioVersion = 10.0.40219.1
Project("{8BC9CEB8-8B4A-11D0-8D11-00A0C91BC942}") = "ConsoleUI", "ConsoleUI\ConsoleUI.vcxproj", "{1776D2DD-CD4F-4068-A7DC-A6051A69D7F7}"
EndProject
Global
	GlobalSection(SolutionConfigurationPlatforms) = preSolution
		Debug|x64 = Debug|x64
		Debug|x86 = Debug|x86
		Release|x64 = Release|x64
		Release|x86 = Release|x86
	EndGlobalSection
	GlobalSection(ProjectConfigurationPlatforms) = postSolution
		{1776D2DD-CD4F-4068-A7DC-A6051A69D7F7}.Debug|x64.ActiveCfg = Debug|x64
		{1776D2DD-CD4F-4068-A7DC-A6051A69D7F7}.Debug|x64.Build.0 = Debug|x64
		{1776D2DD-CD4F-4068-A7DC-A6051A69D7F7}.Debug|x86.ActiveCfg = Debug|Win32
		{1776D2DD-CD4F-4068-A7DC-A6051A69D7F7}.Debug|x86.Build.0 = Debug|Win32
		{1776D2DD-CD4F-4068-A7DC-A6051A69D7F7}.Release|x64.ActiveCfg = Release|x64
		{1776D2DD-CD4F-4068-A7DC-A6051A69D7F7}.Release|x64.Build.0 = Release|x64
		{1776D2DD-CD4F-4068-A7DC-A6051A69D7F7}.Release|x86.ActiveCfg = Release|Win32
		{1776D2DD-CD4F-4068-A7DC-A6051A69D7F7}.Release|x86.Build.0 = Release|Win32
	EndGlobalSection
	GlobalSection(SolutionProperties) = preSolution
		HideSolutionNode = FALSE
	EndGlobalSection
	GlobalSection(ExtensibilityGlobals) = postSolution
		SolutionGuid = {14AEE6EB-A9C8-4A58-BA97-FA74DC2D099B}
	EndGlobalSection
EndGlobal
